schema: '2.0'
stages:
  prepare:
    cmd: python data_prep.py
    deps:
    - path: data_prep.py
      hash: md5
      md5: 59f6d8490d2b77494cc6037a446ff160
      size: 673
    - path: hyundi.csv
      hash: md5
      md5: fab5751bbc94643b976f1957c05991a0
      size: 245355
    outs:
    - path: processed_hyundi.csv
      hash: md5
      md5: 4d964ed30989bf0dda325593dfd2a337
      size: 239176
  train:
    cmd: python model_training_evaluation.py
    deps:
    - path: model_training_evaluation.py
      hash: md5
      md5: b81cb0ac681c269c73302384b76d1aa1
      size: 3372
    - path: processed_hyundi.csv
      hash: md5
      md5: 4d964ed30989bf0dda325593dfd2a337
      size: 239176
    outs:
    - path: car_price_pipeline.pkl
      hash: md5
      md5: 03b4dd00e92610b47467a0057ae76188
      size: 2338126
    - path: evaluation_results.txt
      hash: md5
      md5: aeb9c12a225592081fd5f00ac9da8839
      size: 101
