schema: '2.0'
stages:
  prepare:
    cmd: python data_prep.py
    deps:
    - path: data_prep.py
      hash: md5
      md5: 59f6d8490d2b77494cc6037a446ff160
      size: 673
    - path: hyundi.csv
      hash: md5
      md5: fab5751bbc94643b976f1957c05991a0
      size: 245355
    outs:
    - path: processed_hyundi.csv
      hash: md5
      md5: 4d964ed30989bf0dda325593dfd2a337
      size: 239176
  train:
    cmd: python model_training_evaluation.py
    deps:
    - path: model_training_evaluation.py
      hash: md5
      md5: 45819491d32a8550863f4a4e74129505
      size: 3356
    - path: processed_hyundi.csv
      hash: md5
      md5: 4d964ed30989bf0dda325593dfd2a337
      size: 239176
    outs:
    - path: car_price_pipeline.pkl
      hash: md5
      md5: 47d039e2552f97711388b72f18fb9678
      size: 1100480
    - path: evaluation_results.txt
      hash: md5
      md5: 83f2a1ec3c7c8e59be8846f6ca892976
      size: 100
